<?xml version="1.0" encoding="utf-8"?>
<Project ToolsVersion="4.0" xmlns="http://schemas.microsoft.com/developer/msbuild/2003">
  <ItemGroup>
    <Filter Include="소스 파일">
      <UniqueIdentifier>{4FC737F1-C7A5-4376-A066-2A32D752A2FF}</UniqueIdentifier>
      <Extensions>cpp;c;cc;cxx;c++;cppm;ixx;def;odl;idl;hpj;bat;asm;asmx</Extensions>
    </Filter>
    <Filter Include="헤더 파일">
      <UniqueIdentifier>{93995380-89BD-4b04-88EB-625FBE52EBFB}</UniqueIdentifier>
      <Extensions>h;hh;hpp;hxx;h++;hm;inl;inc;ipp;xsd</Extensions>
    </Filter>
    <Filter Include="리소스 파일">
      <UniqueIdentifier>{67DA6AB6-F800-4c08-8B7A-83BB121AAD01}</UniqueIdentifier>
      <Extensions>rc;ico;cur;bmp;dlg;rc2;rct;bin;rgs;gif;jpg;jpeg;jpe;resx;tiff;tif;png;wav;mfcribbon-ms</Extensions>
    </Filter>
    <Filter Include="소스 파일\LoopHero">
      <UniqueIdentifier>{210bb0fc-62a0-4dc3-9e52-34db75c90ac6}</UniqueIdentifier>
    </Filter>
    <Filter Include="소스 파일\Engine">
      <UniqueIdentifier>{d7a64c19-d9ad-444f-ad49-5ea25838c8e0}</UniqueIdentifier>
    </Filter>
    <Filter Include="소스 파일\Engine\Manager">
      <UniqueIdentifier>{c4a12912-7fc7-455a-9b63-839afae6461f}</UniqueIdentifier>
    </Filter>
    <Filter Include="소스 파일\LoopHero\Scene">
      <UniqueIdentifier>{641491ba-bf17-48af-b8c1-ab22220fb26b}</UniqueIdentifier>
    </Filter>
    <Filter Include="소스 파일\LoopHero\UI">
      <UniqueIdentifier>{3fff3f4f-4c83-467c-9f15-db1e74c62d44}</UniqueIdentifier>
    </Filter>
    <Filter Include="소스 파일\LoopHero\Unit">
      <UniqueIdentifier>{7f6e746b-dc2e-41f6-aaab-175913dbacad}</UniqueIdentifier>
    </Filter>
    <Filter Include="소스 파일\LoopHero\Item">
      <UniqueIdentifier>{9f85c001-8af9-45ae-bdcf-9c8257f7a5ed}</UniqueIdentifier>
    </Filter>
    <Filter Include="소스 파일\LoopHero\Card">
      <UniqueIdentifier>{10df509a-21b6-4ca1-b5d1-fef1b8f3d37e}</UniqueIdentifier>
    </Filter>
    <Filter Include="소스 파일\LoopHero\Tile">
      <UniqueIdentifier>{6de12e75-7658-4b42-8ee7-4853899a02fd}</UniqueIdentifier>
    </Filter>
    <Filter Include="소스 파일\LoopHero\UI\InGame">
      <UniqueIdentifier>{d4fb85fe-1021-4348-8eb6-e9cb6663f6c7}</UniqueIdentifier>
    </Filter>
    <Filter Include="소스 파일\LoopHero\UI\Super">
      <UniqueIdentifier>{bf6d2c68-3cea-4b31-b883-933db09fdb17}</UniqueIdentifier>
    </Filter>
    <Filter Include="소스 파일\LoopHero\UI\Base">
      <UniqueIdentifier>{2b7f02f5-eba8-45ed-a66e-af89ac5d2dec}</UniqueIdentifier>
    </Filter>
    <Filter Include="소스 파일\LoopHero\Unit\Traits">
      <UniqueIdentifier>{619876bc-0c67-4457-a879-00a5881d71e2}</UniqueIdentifier>
    </Filter>
    <Filter Include="소스 파일\Engine\Event">
      <UniqueIdentifier>{6629fdd2-6d16-4140-b9b6-37f6e22eab9d}</UniqueIdentifier>
    </Filter>
    <Filter Include="소스 파일\Engine\Event\Interface">
      <UniqueIdentifier>{92cee2ad-87f0-44e0-8b7b-34f9f6ade760}</UniqueIdentifier>
    </Filter>
    <Filter Include="소스 파일\Engine\Observer">
      <UniqueIdentifier>{00294e2c-3998-4875-891a-529eedbbbf6e}</UniqueIdentifier>
    </Filter>
    <Filter Include="소스 파일\LoopHero\Unit\Character">
      <UniqueIdentifier>{f489a64b-67fe-4ef9-802b-677ce28a3313}</UniqueIdentifier>
    </Filter>
    <Filter Include="소스 파일\LoopHero\GameData">
      <UniqueIdentifier>{00566c59-d141-420c-a397-4d14000faa0c}</UniqueIdentifier>
    </Filter>
    <Filter Include="소스 파일\LoopHero\Battle">
      <UniqueIdentifier>{f3e92928-d8c3-40d5-a721-4a0576e284c8}</UniqueIdentifier>
    </Filter>
  </ItemGroup>
  <ItemGroup>
    <ClCompile Include="main.cpp">
      <Filter>소스 파일</Filter>
    </ClCompile>
    <ClCompile Include="Image.cpp">
      <Filter>소스 파일\Engine</Filter>
    </ClCompile>
    <ClCompile Include="Timer.cpp">
      <Filter>소스 파일\Engine</Filter>
    </ClCompile>
    <ClCompile Include="ImageManager.cpp">
      <Filter>소스 파일\Engine\Manager</Filter>
    </ClCompile>
    <ClCompile Include="KeyManager.cpp">
      <Filter>소스 파일\Engine\Manager</Filter>
    </ClCompile>
    <ClCompile Include="MainGame.cpp">
      <Filter>소스 파일\LoopHero</Filter>
    </ClCompile>
    <ClCompile Include="SceneManager.cpp">
      <Filter>소스 파일\Engine\Manager</Filter>
    </ClCompile>
    <ClCompile Include="InGame.cpp">
      <Filter>소스 파일\LoopHero\Scene</Filter>
    </ClCompile>
    <ClCompile Include="FieldTileMap.cpp">
      <Filter>소스 파일\LoopHero\Tile</Filter>
    </ClCompile>
    <ClCompile Include="Deck.cpp">
      <Filter>소스 파일\LoopHero\Card</Filter>
    </ClCompile>
    <ClCompile Include="DataManager.cpp">
      <Filter>소스 파일\Engine\Manager</Filter>
    </ClCompile>
    <ClCompile Include="Utill.cpp">
      <Filter>소스 파일</Filter>
    </ClCompile>
    <ClCompile Include="Card.cpp">
      <Filter>소스 파일\LoopHero\Card</Filter>
    </ClCompile>
    <ClCompile Include="InGameRightMenu.cpp">
      <Filter>소스 파일\LoopHero\UI\InGame</Filter>
    </ClCompile>
    <ClCompile Include="InGameEventTimer.cpp">
      <Filter>소스 파일\LoopHero\UI\InGame</Filter>
    </ClCompile>
    <ClCompile Include="InGameHandCard.cpp">
      <Filter>소스 파일\LoopHero\UI\InGame</Filter>
    </ClCompile>
    <ClCompile Include="UIProgressBar.cpp">
      <Filter>소스 파일\LoopHero\UI\Base</Filter>
    </ClCompile>
    <ClCompile Include="UISprite.cpp">
      <Filter>소스 파일\LoopHero\UI\Base</Filter>
    </ClCompile>
    <ClCompile Include="UIHorizontalScroll.cpp">
      <Filter>소스 파일\LoopHero\UI\Base</Filter>
    </ClCompile>
    <ClCompile Include="GameUI.cpp">
      <Filter>소스 파일\LoopHero\UI\Super</Filter>
    </ClCompile>
    <ClCompile Include="UIItemSlot.cpp">
      <Filter>소스 파일\LoopHero\UI\InGame</Filter>
    </ClCompile>
    <ClCompile Include="Item.cpp">
      <Filter>소스 파일\LoopHero\Item</Filter>
    </ClCompile>
    <ClCompile Include="Unit.cpp">
      <Filter>소스 파일\LoopHero\Unit</Filter>
    </ClCompile>
    <ClCompile Include="EquipItem.cpp">
      <Filter>소스 파일\LoopHero\Item</Filter>
    </ClCompile>
    <ClCompile Include="EventTrigger.cpp">
      <Filter>소스 파일\Engine\Event</Filter>
    </ClCompile>
    <ClCompile Include="EventSystem.cpp">
      <Filter>소스 파일\Engine\Event</Filter>
    </ClCompile>
    <ClCompile Include="UIGrid.cpp">
      <Filter>소스 파일\LoopHero\UI\Base</Filter>
    </ClCompile>
    <ClCompile Include="ObserverManager.cpp">
      <Filter>소스 파일\Engine\Manager</Filter>
    </ClCompile>
    <ClCompile Include="ObserverHandler.cpp">
      <Filter>소스 파일\Engine\Observer</Filter>
    </ClCompile>
    <ClCompile Include="GameObject.cpp">
      <Filter>소스 파일\LoopHero</Filter>
    </ClCompile>
    <ClCompile Include="UIButton.cpp">
      <Filter>소스 파일\LoopHero\UI\Base</Filter>
    </ClCompile>
    <ClCompile Include="UITextField.cpp">
      <Filter>소스 파일\LoopHero\UI\Base</Filter>
    </ClCompile>
    <ClCompile Include="Animation.cpp">
      <Filter>소스 파일\Engine</Filter>
    </ClCompile>
    <ClCompile Include="Character.cpp">
      <Filter>소스 파일\LoopHero\Unit\Character</Filter>
    </ClCompile>
    <ClCompile Include="PoolingManager.cpp">
      <Filter>소스 파일\Engine\Manager</Filter>
    </ClCompile>
    <ClCompile Include="GameData.cpp">
      <Filter>소스 파일\LoopHero\GameData</Filter>
    </ClCompile>
    <ClCompile Include="Trait.cpp">
      <Filter>소스 파일\LoopHero\Unit\Traits</Filter>
    </ClCompile>
    <ClCompile Include="FieldTile.cpp">
      <Filter>소스 파일\LoopHero\Tile</Filter>
    </ClCompile>
    <ClCompile Include="UIBattleWindow.cpp">
      <Filter>소스 파일\LoopHero\UI\InGame</Filter>
    </ClCompile>
  </ItemGroup>
  <ItemGroup>
    <ClInclude Include="Image.h">
      <Filter>소스 파일\Engine</Filter>
    </ClInclude>
    <ClInclude Include="Timer.h">
      <Filter>소스 파일\Engine</Filter>
    </ClInclude>
    <ClInclude Include="ImageManager.h">
      <Filter>소스 파일\Engine\Manager</Filter>
    </ClInclude>
    <ClInclude Include="KeyManager.h">
      <Filter>소스 파일\Engine\Manager</Filter>
    </ClInclude>
    <ClInclude Include="MainGame.h">
      <Filter>소스 파일\LoopHero</Filter>
    </ClInclude>
    <ClInclude Include="SceneManager.h">
      <Filter>소스 파일\Engine\Manager</Filter>
    </ClInclude>
    <ClInclude Include="Scene.h">
      <Filter>소스 파일\Engine</Filter>
    </ClInclude>
    <ClInclude Include="InGame.h">
      <Filter>소스 파일\LoopHero\Scene</Filter>
    </ClInclude>
    <ClInclude Include="Singleton.h">
      <Filter>소스 파일\Engine</Filter>
    </ClInclude>
    <ClInclude Include="FieldTileMap.h">
      <Filter>소스 파일\LoopHero\Tile</Filter>
    </ClInclude>
    <ClInclude Include="Deck.h">
      <Filter>소스 파일\LoopHero\Card</Filter>
    </ClInclude>
    <ClInclude Include="DataManager.h">
      <Filter>소스 파일\Engine\Manager</Filter>
    </ClInclude>
    <ClInclude Include="Utill.h">
      <Filter>헤더 파일</Filter>
    </ClInclude>
    <ClInclude Include="Card.h">
      <Filter>소스 파일\LoopHero\Card</Filter>
    </ClInclude>
    <ClInclude Include="InGameRightMenu.h">
      <Filter>소스 파일\LoopHero\UI\InGame</Filter>
    </ClInclude>
    <ClInclude Include="InGameEventTimer.h">
      <Filter>소스 파일\LoopHero\UI\InGame</Filter>
    </ClInclude>
    <ClInclude Include="GameUI.h">
      <Filter>소스 파일\LoopHero\UI\Super</Filter>
    </ClInclude>
    <ClInclude Include="GameObject.h">
      <Filter>소스 파일\LoopHero</Filter>
    </ClInclude>
    <ClInclude Include="InGameHandCard.h">
      <Filter>소스 파일\LoopHero\UI\InGame</Filter>
    </ClInclude>
    <ClInclude Include="LoopHero.h">
      <Filter>헤더 파일</Filter>
    </ClInclude>
    <ClInclude Include="UIProgressBar.h">
      <Filter>소스 파일\LoopHero\UI\Base</Filter>
    </ClInclude>
    <ClInclude Include="UISprite.h">
      <Filter>소스 파일\LoopHero\UI\Base</Filter>
    </ClInclude>
    <ClInclude Include="UIHorizontalScroll.h">
      <Filter>소스 파일\LoopHero\UI\Base</Filter>
    </ClInclude>
    <ClInclude Include="UIItemSlot.h">
      <Filter>소스 파일\LoopHero\UI\InGame</Filter>
    </ClInclude>
    <ClInclude Include="Item.h">
      <Filter>소스 파일\LoopHero\Item</Filter>
    </ClInclude>
    <ClInclude Include="Unit.h">
      <Filter>소스 파일\LoopHero\Unit</Filter>
    </ClInclude>
    <ClInclude Include="EquipItem.h">
      <Filter>소스 파일\LoopHero\Item</Filter>
    </ClInclude>
    <ClInclude Include="EventTrigger.h">
      <Filter>소스 파일\Engine\Event</Filter>
    </ClInclude>
    <ClInclude Include="IClickHandler.h">
      <Filter>소스 파일\Engine\Event\Interface</Filter>
    </ClInclude>
    <ClInclude Include="EventSystem.h">
      <Filter>소스 파일\Engine\Event</Filter>
    </ClInclude>
    <ClInclude Include="IDragHandler.h">
      <Filter>소스 파일\Engine\Event\Interface</Filter>
    </ClInclude>
    <ClInclude Include="IDropHandler.h">
      <Filter>소스 파일\Engine\Event\Interface</Filter>
    </ClInclude>
    <ClInclude Include="UIGrid.h">
      <Filter>소스 파일\LoopHero\UI\Base</Filter>
    </ClInclude>
    <ClInclude Include="IHoverHandler.h">
      <Filter>소스 파일\Engine\Event\Interface</Filter>
    </ClInclude>
    <ClInclude Include="ObserverManager.h">
      <Filter>소스 파일\Engine\Manager</Filter>
    </ClInclude>
    <ClInclude Include="ObserverHandler.h">
      <Filter>소스 파일\Engine\Observer</Filter>
    </ClInclude>
    <ClInclude Include="UIButton.h">
      <Filter>소스 파일\LoopHero\UI\Base</Filter>
    </ClInclude>
    <ClInclude Include="UITextField.h">
      <Filter>소스 파일\LoopHero\UI\Base</Filter>
    </ClInclude>
    <ClInclude Include="Animation.h">
      <Filter>소스 파일\Engine</Filter>
    </ClInclude>
    <ClInclude Include="Character.h">
      <Filter>소스 파일\LoopHero\Unit\Character</Filter>
    </ClInclude>
    <ClInclude Include="PoolingManager.h">
      <Filter>소스 파일\Engine\Manager</Filter>
    </ClInclude>
    <ClInclude Include="GameNode.h">
      <Filter>소스 파일\Engine</Filter>
    </ClInclude>
    <ClInclude Include="GameData.h">
      <Filter>소스 파일\LoopHero\GameData</Filter>
    </ClInclude>
    <ClInclude Include="Trait.h">
      <Filter>소스 파일\LoopHero\Unit\Traits</Filter>
    </ClInclude>
    <ClInclude Include="FieldTile.h">
      <Filter>소스 파일\LoopHero\Tile</Filter>
    </ClInclude>
    <ClInclude Include="UIBattleWindow.h">
      <Filter>소스 파일\LoopHero\UI\InGame</Filter>
    </ClInclude>
  </ItemGroup>
  <ItemGroup>
    <None Include="ClassDiagram.cd" />
  </ItemGroup>
</Project>